api/config/packages/security/role_hierarchy.yaml:
    timestamp: 1726052526
    hash: 54d40adabd3dde5009ab8a0937ebfaea
api/config/packages/doctrine/Media.yaml:
    timestamp: 1726010447
    hash: 8da357cdaf9c667c3c5c793cf397c0b1
api/config/mapping/api/Media/Create/CreateGenre.resource.xml:
    timestamp: 1726010447
    hash: 2742c0dc183c069cb3e3d1ccb00c0b8d
api/config/mapping/api/Media/Update/UpdateGenre.resource.xml:
    timestamp: 1726010447
    hash: 17796d76b9b0e6062f143d7f31a5850c
api/config/mapping/api/Media/Search/SearchGenre.resource.xml:
    timestamp: 1726346237
    hash: 8a3c4545ff159727067f3f392231becf
api/config/mapping/api/Media/FindById/FindGenreById.resource.xml:
    timestamp: 1726346237
    hash: d1c9efd6fe7b1d5cf173edf5113b9c4f
api/config/mapping/api/Media/Delete/DeleteGenre.resource.xml:
    timestamp: 1726010447
    hash: 6e2d6cf89505e12dbe2ad35d9b5e9414
api/config/mapping/doctrine/Media/Genre.orm.xml:
    timestamp: 1726010447
    hash: 41909a87ff0e4619aa8b15c6ba4e155b
api/config/mapping/serialization/Media/Create/CreateGenre.yaml:
    timestamp: 1725996852
    hash: d153106f6b929e6ee48901080116330b
api/config/mapping/serialization/Media/Update/UpdateGenre.yaml:
    timestamp: 1725996852
    hash: b5c3923b03bb8007bdd250bbc0f0c9a8
api/config/mapping/serialization/Media/Search/SearchGenre.yaml:
    timestamp: 1726345778
    hash: 8e673b13c1dcd5a471d699f0d3e277f9
api/config/mapping/serialization/Media/FindById/FindGenreById.yaml:
    timestamp: 1726145887
    hash: fab956f5f5749f4e014a0a6b2437a787
api/config/mapping/validator/Media/Create/CreateGenre.yaml:
    timestamp: 1726010447
    hash: d79db41dd51ba6dc858d3819d37322cc
api/config/mapping/validator/Media/Update/UpdateGenre.yaml:
    timestamp: 1726010447
    hash: d79db41dd51ba6dc858d3819d37322cc
api/src/Media/Framework/Api/State/Processor/Create/CreateGenreProcessor.php:
    timestamp: 1725708890
    hash: d545b6e7fc4ac1b9984a2c10d5f70c7a
api/src/Media/Framework/Api/State/Processor/Update/UpdateGenreProcessor.php:
    timestamp: 1725708890
    hash: 0d5b02a24b551181378e2e5ae99837d0
api/src/Media/Framework/Api/State/Provider/Search/SearchGenreProvider.php:
    timestamp: 1726007904
    hash: 356fd7697f284a7889264a5edc0b2e20
api/src/Media/Framework/Api/State/Provider/FindById/FindGenreByIdProvider.php:
    timestamp: 1726007904
    hash: 942947fd6a2de5077788b428e127c6b3
api/src/Media/Framework/Api/State/Provider/Delete/DeleteGenreProvider.php:
    timestamp: 1726007904
    hash: fd3c597d5cb38e86dd89605339ac6ca1
api/src/Media/Framework/Doctrine/Repository/GenreDoctrineRepository.php:
    timestamp: 1726007904
    hash: f1edd4a80e97faae2276a34c03820fac
api/src/Media/Framework/Doctrine/Fixtures/GenreFixture.php:
    timestamp: 1726007904
    hash: a5b415770ae4948fe490a7780c74dc01
api/src/Media/Framework/Doctrine/Fixtures/data/genres.yaml:
    timestamp: 1725796674
    hash: cdc0b2a1f4dc6eb6279879944dd38fc6
api/src/Media/Framework/Doctrine/DBAL/GenreIdDBALType.php:
    timestamp: 1726007904
    hash: 9561a396df31316b420506aee6674725
api/src/Media/Application/UseCase/Create/CreateGenre.php:
    timestamp: 1725708742
    hash: 979d1d5d2f74a4ed46205b4eb99c3c15
api/src/Media/Application/UseCase/Create/CreateGenreUseCase.php:
    timestamp: 1725708742
    hash: 44b2715501239fa61ee6c4b96b3f006c
api/src/Media/Application/UseCase/Update/UpdateGenre.php:
    timestamp: 1725708742
    hash: 23af06d705a4b189cf1985c970617071
api/src/Media/Application/UseCase/Update/UpdateGenreUseCase.php:
    timestamp: 1726007904
    hash: 210950b0f0c43f6b5f822059dc70d564
api/src/Media/Application/UseCase/Search/SearchGenre.php:
    timestamp: 1725709591
    hash: ffbc12f799ecdca104eac3b0c75fb12c
api/src/Media/Application/UseCase/Search/SearchGenreUseCase.php:
    timestamp: 1725710650
    hash: 2cbaa5e65c898835a7bf769d290bec8a
api/src/Media/Application/UseCase/FindById/FindGenreById.php:
    timestamp: 1725713917
    hash: 68d4037cb95ce8e663657cdb421c403f
api/src/Media/Application/UseCase/FindById/FindGenreByIdUseCase.php:
    timestamp: 1726346806
    hash: 31063ec19f32e57b1eefda13f2386032
api/src/Media/Application/UseCase/Delete/DeleteGenre.php:
    timestamp: 1725734300
    hash: dbf2f1626bbbc486943ae78a3f1f90a2
api/src/Media/Application/UseCase/Delete/DeleteGenreUseCase.php:
    timestamp: 1726007904
    hash: d1f2db77af9a264255f5f8a00101460d
api/src/Media/Domain/Model/Genre.php:
    timestamp: 1726007904
    hash: 0ab875ff703c0c14fafd0e33c5a3ace6
api/src/Media/Domain/Model/GenreId.php:
    timestamp: 1725192338
    hash: 79159d89042fb3eb37df4024c1337874
api/src/Media/Domain/Model/GenreList.php:
    timestamp: 1725274993
    hash: d3c22e2b8f8af71fd852e203168a8395
api/src/Media/Domain/Repository/GenreRepository.php:
    timestamp: 1726007904
    hash: 0699c11d58758ddf4885b190f7e8a268
api/config/mapping/serialization/Media/VO/GenreName.yaml:
    timestamp: 1726010447
    hash: e397ce4f916cea77c3348aa4ceade7ac
api/src/Media/Framework/Doctrine/DBAL/GenreNameDBALType.php:
    timestamp: 1725276404
    hash: 46838e3bc20d22ffe2327ed2fc34fde1
api/src/Media/Domain/Model/VO/GenreName.php:
    timestamp: 1725276404
    hash: c6253e2e3c47a51eb0d3d79ed648149e
api/src/Media/Domain/Model/VO/Constraint/GenreNameConstraint.php:
    timestamp: 1725276404
    hash: a892b894b34da2704a1425acd9a9c95c
api/config/mapping/doctrine/Media/VO.FullName.orm.xml:
    timestamp: 1726010447
    hash: 047a4e3136ed9712b23757edf91d4a2b
api/config/mapping/serialization/Media/VO/FullName.yaml:
    timestamp: 1726010447
    hash: 7343ad26efb24544ccb11e250d4d401c
api/src/Media/Domain/Model/VO/FullName.php:
    timestamp: 1725276404
    hash: 0fc3a74905839821e5d87d5df45ea68e
api/src/Media/Domain/Model/VO/Constraint/FullNameConstraint.php:
    timestamp: 1725742837
    hash: 2feb7fa89982d456fb4210d20efd6eae
api/config/mapping/serialization/Media/VO/Overview.yaml:
    timestamp: 1726010447
    hash: 47ca0c9c19d47294e5e669720ac336cc
api/src/Media/Framework/Doctrine/DBAL/OverviewDBALType.php:
    timestamp: 1725276404
    hash: 8cc39e0070fced5f43683305f25a1558
api/src/Media/Domain/Model/VO/Overview.php:
    timestamp: 1725276404
    hash: 09226eaa64c414516a13fdfef6375c08
api/src/Media/Domain/Model/VO/Constraint/OverviewConstraint.php:
    timestamp: 1725276404
    hash: e950e66d532c85df68cd4ec75326ee36
api/config/mapping/api/Media/Create/CreateMovie.resource.xml:
    timestamp: 1726010447
    hash: 5597e1d96f8ae2d7eeeaaaa67da77ace
api/config/mapping/api/Media/Update/UpdateMovie.resource.xml:
    timestamp: 1726010447
    hash: 15e4a8be933f863c03500a3989b4b4fe
api/config/mapping/api/Media/Search/SearchMovie.resource.xml:
    timestamp: 1726346237
    hash: 6d1131b2f47618275588e0f547e5cee1
api/config/mapping/api/Media/FindById/FindMovieById.resource.xml:
    timestamp: 1726346237
    hash: 958df9e63280453aca1206c7dee232c2
api/config/mapping/api/Media/Delete/DeleteMovie.resource.xml:
    timestamp: 1726010447
    hash: 8b26e2001d23db7f999711a4c5bbfdb2
api/config/mapping/doctrine/Media/Movie.orm.xml:
    timestamp: 1726010447
    hash: ce7374e15d46586d759260e035435027
api/config/mapping/serialization/Media/Create/CreateMovie.yaml:
    timestamp: 1725996852
    hash: b6bc1b8c7ef5b2946cc329e5e0f2185d
api/config/mapping/serialization/Media/Update/UpdateMovie.yaml:
    timestamp: 1725996852
    hash: 4e5460ceb36bd9ebc0e976b1391f1e78
api/config/mapping/serialization/Media/Search/SearchMovie.yaml:
    timestamp: 1726345778
    hash: 2258ed0756c41bfcd5f1e141291cc7eb
api/config/mapping/serialization/Media/FindById/FindMovieById.yaml:
    timestamp: 1726145887
    hash: aae412ef0555992ba083634f3dec3ccb
api/config/mapping/validator/Media/Create/CreateMovie.yaml:
    timestamp: 1726010447
    hash: 76e7ec06f70a22952670911ed88ac0e3
api/config/mapping/validator/Media/Update/UpdateMovie.yaml:
    timestamp: 1726010447
    hash: 76e7ec06f70a22952670911ed88ac0e3
api/src/Media/Framework/Api/State/Processor/Create/CreateMovieProcessor.php:
    timestamp: 1725708890
    hash: ce79c00faa6cee146c076c86f43f087b
api/src/Media/Framework/Api/State/Processor/Update/UpdateMovieProcessor.php:
    timestamp: 1725708890
    hash: 88722d661bcd0ef65b104f85eb071034
api/src/Media/Framework/Api/State/Provider/Search/SearchMovieProvider.php:
    timestamp: 1726007904
    hash: 0ce84c10291b2dc4e70aac8a78db1323
api/src/Media/Framework/Api/State/Provider/FindById/FindMovieByIdProvider.php:
    timestamp: 1726007904
    hash: 4552f44e3b861f3175d97720ae2ad8d2
api/src/Media/Framework/Api/State/Provider/Delete/DeleteMovieProvider.php:
    timestamp: 1726007904
    hash: a16d9769b1abf7cb8b9ee5f28db64852
api/src/Media/Framework/Doctrine/Repository/MovieDoctrineRepository.php:
    timestamp: 1726007904
    hash: 59b745339290ed0cca54cc1a80cc0114
api/src/Media/Framework/Doctrine/Fixtures/MovieFixture.php:
    timestamp: 1726007904
    hash: daa9dc8131636d0ae0f9de5a3ddfa1b7
api/src/Media/Framework/Doctrine/Fixtures/data/movies.yaml:
    timestamp: 1725802005
    hash: aa64a5fa5263a93a4007d0673ba55e25
api/src/Media/Framework/Doctrine/DBAL/MovieIdDBALType.php:
    timestamp: 1726007904
    hash: 0e0694d9ec725e51281f45c523fff73e
api/src/Media/Application/UseCase/Create/CreateMovie.php:
    timestamp: 1725802214
    hash: 361855deba16591701be195d4b8fe51a
api/src/Media/Application/UseCase/Create/CreateMovieUseCase.php:
    timestamp: 1725708742
    hash: 82a9359aac8de455791893cfd2ea146f
api/src/Media/Application/UseCase/Update/UpdateMovie.php:
    timestamp: 1725802214
    hash: 11069579775c9cf8c94381e9269bc6c0
api/src/Media/Application/UseCase/Update/UpdateMovieUseCase.php:
    timestamp: 1726007904
    hash: 40e93ec4b1d492a67a4eba5b09da0915
api/src/Media/Application/UseCase/Search/SearchMovie.php:
    timestamp: 1725709591
    hash: d98767f85f0f74465bfcc70b01bb6a00
api/src/Media/Application/UseCase/Search/SearchMovieUseCase.php:
    timestamp: 1725710650
    hash: fbdb566f5a927ddbd627b7f55f7c8315
api/src/Media/Application/UseCase/FindById/FindMovieById.php:
    timestamp: 1725713917
    hash: 8da0b1183c38b04893eadd611793ca22
api/src/Media/Application/UseCase/FindById/FindMovieByIdUseCase.php:
    timestamp: 1726346806
    hash: 4e309de3b642b2e0fbe08128ca0803c0
api/src/Media/Application/UseCase/Delete/DeleteMovie.php:
    timestamp: 1725734300
    hash: 2b396a9f5393aa085078dc6f00744cc9
api/src/Media/Application/UseCase/Delete/DeleteMovieUseCase.php:
    timestamp: 1726007904
    hash: 591928433d11186d689045d088e9d7b8
api/src/Media/Domain/Model/Movie.php:
    timestamp: 1726007904
    hash: 9a71c3a35e64ab1b2944814aa461c74e
api/src/Media/Domain/Model/MovieId.php:
    timestamp: 1725192338
    hash: 8de0f561928b4f9d722f77298a497db4
api/src/Media/Domain/Model/MovieList.php:
    timestamp: 1725274993
    hash: b57ccff9bde6d56d5730fd23ff86b22e
api/src/Media/Domain/Repository/MovieRepository.php:
    timestamp: 1726007904
    hash: ed294fe883ed77284d71483850cbc2e2
api/config/mapping/serialization/Media/VO/Score.yaml:
    timestamp: 1726010447
    hash: 6268ffc52fc1f4d6af922ac0e67f486e
api/src/Media/Framework/Doctrine/DBAL/ScoreDBALType.php:
    timestamp: 1725276404
    hash: 88d8f778d5149a4fdfda3df134026dd4
api/src/Media/Domain/Model/VO/Score.php:
    timestamp: 1725276404
    hash: 7c9cb66442068eef55e7374f945781ba
api/src/Media/Domain/Model/VO/Constraint/ScoreConstraint.php:
    timestamp: 1725276404
    hash: 8694a871a27f9296327fa5a8e702a345
api/config/mapping/serialization/Media/VO/MovieTitle.yaml:
    timestamp: 1726010447
    hash: 926a0f95e2b1abc37c0bffae2128381c
api/src/Media/Framework/Doctrine/DBAL/MovieTitleDBALType.php:
    timestamp: 1725276404
    hash: 078304956d3aeca7161e645c051ed42c
api/src/Media/Domain/Model/VO/MovieTitle.php:
    timestamp: 1725276404
    hash: a8692ac9e59a77bd544591399b58d20e
api/src/Media/Domain/Model/VO/Constraint/MovieTitleConstraint.php:
    timestamp: 1725276404
    hash: a6526ec7c6671b34a5d17c1626e95d8e
api/config/mapping/serialization/Media/VO/ReleaseYear.yaml:
    timestamp: 1726010447
    hash: e4da3557d84b7de4a3a724805d9283ea
api/src/Media/Framework/Doctrine/DBAL/ReleaseYearDBALType.php:
    timestamp: 1725276404
    hash: 5edd2c6bd7b869573a411cea4f8d7fb1
api/src/Media/Domain/Model/VO/ReleaseYear.php:
    timestamp: 1725276404
    hash: 0eb1c4b090ec0d425315cf89d466d668
api/src/Media/Domain/Model/VO/Constraint/ReleaseYearConstraint.php:
    timestamp: 1725276404
    hash: 6497d234b360f76a49f53ce844c26abc
api/config/mapping/doctrine/Media/Review.orm.xml:
    timestamp: 1726010447
    hash: 38f92e4557db3355f3db9d84f6a2a480
api/src/Media/Framework/Doctrine/DBAL/ReviewIdDBALType.php:
    timestamp: 1726007904
    hash: 7edda2abcd2f6dd03545e36301a99ad0
api/src/Media/Domain/Model/Review.php:
    timestamp: 1726007904
    hash: 45408cebd8c59592bbad523ec177cbbb
api/src/Media/Domain/Model/ReviewId.php:
    timestamp: 1725192338
    hash: 549be472ecee9d7ba10a271a8336aaa8
api/src/Media/Domain/Model/ReviewList.php:
    timestamp: 1725274993
    hash: c5f90d3fadbeca396b3d42ddeeef647c
api/src/Media/Framework/Doctrine/DBAL/ClassificationDBALType.php:
    timestamp: 1725276404
    hash: 28132a8bea93cc62442ec8a25021820d
api/src/Media/Domain/Model/VO/Classification.php:
    timestamp: 1725111653
    hash: 91270249abd075ef6b8ae64a8343bef7
api/src/Media/Domain/Model/VO/Constraint/ClassificationConstraint.php:
    timestamp: 1725276404
    hash: d5096762ad6d0ca5aa16c572d1de248b
api/config/mapping/serialization/Media/VO/ReviewContent.yaml:
    timestamp: 1726010447
    hash: 5e9fb215d3b5fcd0f7f00dafb389ba7a
api/src/Media/Framework/Doctrine/DBAL/ReviewContentDBALType.php:
    timestamp: 1725276404
    hash: 857e5c2f3593b1784def6aceab58169e
api/src/Media/Domain/Model/VO/ReviewContent.php:
    timestamp: 1725276404
    hash: 87c28ca849314b6f1660ff9dcd7223a6
api/src/Media/Domain/Model/VO/Constraint/ReviewContentConstraint.php:
    timestamp: 1725276404
    hash: bf6a8966b804856c6f0c691e2d7b7454
api/config/mapping/api/Media/Create/CreateDirector.resource.xml:
    timestamp: 1726010447
    hash: 016691a8a2bf551dd42ba67c3356004c
api/config/mapping/api/Media/Update/UpdateDirector.resource.xml:
    timestamp: 1726010447
    hash: 381ec32288d703f095e71839f6f491c7
api/config/mapping/api/Media/Search/SearchDirector.resource.xml:
    timestamp: 1726346237
    hash: fb88d243b0bfb5d4746c0e47d4b5e64a
api/config/mapping/api/Media/FindById/FindDirectorById.resource.xml:
    timestamp: 1726346237
    hash: a600ea7c82b7a680eec59369b6e4e8b7
api/config/mapping/api/Media/Delete/DeleteDirector.resource.xml:
    timestamp: 1726010447
    hash: ef8c4d6c11a8d4c213050d551d4667f3
api/config/mapping/doctrine/Media/Director.orm.xml:
    timestamp: 1726081311
    hash: c7965e2622ecb21ad0d2ce44898663d1
api/config/mapping/serialization/Media/Create/CreateDirector.yaml:
    timestamp: 1726081311
    hash: 3ea35b97403b54361ad199d68c0dd820
api/config/mapping/serialization/Media/Update/UpdateDirector.yaml:
    timestamp: 1726081311
    hash: 86e396a3a996cb145c6728a662df8009
api/config/mapping/serialization/Media/Search/SearchDirector.yaml:
    timestamp: 1726345782
    hash: 1433863ab30a8227dede5cc8480dda35
api/config/mapping/serialization/Media/FindById/FindDirectorById.yaml:
    timestamp: 1726145887
    hash: 71921a3133c3776dbf645a447f9b529a
api/config/mapping/validator/Media/Create/CreateDirector.yaml:
    timestamp: 1726081311
    hash: bd20b677ce416bb195a619c16db754b7
api/config/mapping/validator/Media/Update/UpdateDirector.yaml:
    timestamp: 1726081311
    hash: bd20b677ce416bb195a619c16db754b7
api/src/Media/Framework/Api/State/Processor/Create/CreateDirectorProcessor.php:
    timestamp: 1725708890
    hash: 5d049acfe9b65723b70751fb7f5e93fc
api/src/Media/Framework/Api/State/Processor/Update/UpdateDirectorProcessor.php:
    timestamp: 1725708890
    hash: c8976645db745ad8651569c6f21f7951
api/src/Media/Framework/Api/State/Provider/Search/SearchDirectorProvider.php:
    timestamp: 1726007904
    hash: 5359a0017b76e4ec986999c002d3973c
api/src/Media/Framework/Api/State/Provider/FindById/FindDirectorByIdProvider.php:
    timestamp: 1726007904
    hash: aaf729c97f9a29c4721d6dd757385fa0
api/src/Media/Framework/Api/State/Provider/Delete/DeleteDirectorProvider.php:
    timestamp: 1726007904
    hash: 6c541b8d06ca5ba424a333bc4dbcd317
api/src/Media/Framework/Doctrine/Repository/DirectorDoctrineRepository.php:
    timestamp: 1726007904
    hash: f3b34d0a4a687005e19b68e525916b88
api/src/Media/Framework/Doctrine/Fixtures/DirectorFixture.php:
    timestamp: 1726081313
    hash: 5dc613a8b7c0524075127dd0e9c65b56
api/src/Media/Framework/Doctrine/Fixtures/data/directors.yaml:
    timestamp: 1726081313
    hash: 99591d3e33436a3c71291c5cb882183c
api/src/Media/Framework/Doctrine/DBAL/DirectorIdDBALType.php:
    timestamp: 1726007904
    hash: 53afcaa896023716ed5aa22582db91e5
api/src/Media/Application/UseCase/Create/CreateDirector.php:
    timestamp: 1726081313
    hash: dde6802cdefd693794eab80c786149be
api/src/Media/Application/UseCase/Create/CreateDirectorUseCase.php:
    timestamp: 1725708742
    hash: a90b2991c49e7bb56205bbd6a12bd98b
api/src/Media/Application/UseCase/Update/UpdateDirector.php:
    timestamp: 1726081313
    hash: 974f6ff75aab18cf0cd80f5ddc952a40
api/src/Media/Application/UseCase/Update/UpdateDirectorUseCase.php:
    timestamp: 1726007904
    hash: 4179c29ce644a65bb1d3768a47adf224
api/src/Media/Application/UseCase/Search/SearchDirector.php:
    timestamp: 1725709591
    hash: dbed0c773d27042501831e1cc2964a5e
api/src/Media/Application/UseCase/Search/SearchDirectorUseCase.php:
    timestamp: 1725710650
    hash: 0ff590023a4bcbb67d531d7a9db6a662
api/src/Media/Application/UseCase/FindById/FindDirectorById.php:
    timestamp: 1725713917
    hash: 0f4ce9677b46dd4893f85294ed6d4e64
api/src/Media/Application/UseCase/FindById/FindDirectorByIdUseCase.php:
    timestamp: 1726346806
    hash: 1edd4ea07ecc7d5cfbf28108d464acb6
api/src/Media/Application/UseCase/Delete/DeleteDirector.php:
    timestamp: 1725734300
    hash: 91e53bde17bf3972fa9fa4256eb1f96b
api/src/Media/Application/UseCase/Delete/DeleteDirectorUseCase.php:
    timestamp: 1726007904
    hash: 4aea7556077f7ccf3d1815d9ab9ca5b0
api/src/Media/Domain/Model/Director.php:
    timestamp: 1726081313
    hash: d4c9fca5b67ca9d34ef9ada7bdd455c8
api/src/Media/Domain/Model/DirectorId.php:
    timestamp: 1725192338
    hash: d1f0f4c7a154381d1aeb53660f742149
api/src/Media/Domain/Model/DirectorList.php:
    timestamp: 1725274996
    hash: 975bd3a24690faf6e5f0e5ec9470b92f
api/src/Media/Domain/Repository/DirectorRepository.php:
    timestamp: 1726007904
    hash: c93efb066c3c7b859bc294af3d4a68eb
admin/src/backend/index.ts:
    timestamp: 1726231890
    hash: bbedb3030e16b28a6d6e375f18dd0193
admin/src/crud/media/index.ts:
    timestamp: 1725966537
    hash: 559d387cc31a47af339c604d0d8db49e
'admin/app/[lang]/(private)/media/genres/page.tsx':
    timestamp: 1725884520
    hash: 1f18adde432990a1ed0ae9ab637a9361
'admin/app/[lang]/(private)/media/genres/edit/[id]/page.tsx':
    timestamp: 1726158466
    hash: 2ab5285d9d9768a96cacf5007d7e3c82
'admin/app/[lang]/(private)/media/genres/create/page.tsx':
    timestamp: 1726161076
    hash: 7c187249f835f46ba9fafa210ec0ec81
admin/src/i18n/locales/es/media/genres.json:
    timestamp: 1726233577
    hash: eaa06260e347e6c617b137c92be65a6d
admin/src/i18n/locales/en/media/genre.json:
    timestamp: 1726147472
    hash: 7a54211e51c54465fa4b5ff34fc31629
admin/src/crud/media/genre/index.ts:
    timestamp: 1726339929
    hash: 75388f88c807b3ed05bd52a350a9a4c6
admin/src/crud/media/genre/Genre.tsx:
    timestamp: 1725975574
    hash: 4dd5db763851c555418cc263f07b4f4d
admin/src/crud/media/genre/GenreRenderer.tsx:
    timestamp: 1726136661
    hash: 26e9ea992b1c2d20556efda8153f7b9b
admin/src/crud/media/genre/GenreSelect.tsx:
    timestamp: 1726339929
    hash: 5a1a4bb311b5c8161a44fdc887c13fdb
admin/src/crud/media/genre/GenreField.tsx:
    timestamp: 1726339937
    hash: a61ccefe55f936d4c0f11121abd0163c
admin/src/crud/media/genre/GenreForm.tsx:
    timestamp: 1726345782
    hash: 6fc2b26ee48a8c369a82b06eed32cfe7
admin/src/crud/media/genre/useGenreForm.tsx:
    timestamp: 1726160149
    hash: 1659bf1252720929458c2ecf16beacb9
admin/src/crud/media/genre/useGenreModelForm.tsx:
    timestamp: 1726010770
    hash: 7d5d008ef5383285d184e9a9f5d9deb0
admin/src/crud/media/genre/useGenreDrawerForm.tsx:
    timestamp: 1726231895
    hash: 0ceb63e310682bb9878bfff8d565c08a
admin/src/crud/media/genre/useGenreTable.tsx:
    timestamp: 1726231895
    hash: 8a8b45588bca1486747d50e870a05f52
admin/src/i18n/locales/es/media/vo/genreName.json:
    timestamp: 1726233745
    hash: b74df151552021d890a155db15d0288c
admin/src/i18n/locales/en/media/vo/genreName.json:
    timestamp: 1726233745
    hash: b74df151552021d890a155db15d0288c
admin/src/crud/media/genreName/index.ts:
    timestamp: 1726222428
    hash: 7a6ccdd3058e6a19d2ba10100b84fca1
admin/src/crud/media/genreName/GenreName.tsx:
    timestamp: 1725976060
    hash: 02447f7afca22d33def889ad10a3eaf1
admin/src/crud/media/genreName/GenreNameRenderer.tsx:
    timestamp: 1726340332
    hash: f15ec77f7b3596d6ed0b9e6bec01ee17
admin/src/crud/media/genreName/GenreNameField.tsx:
    timestamp: 1726345782
    hash: 28cb862df5579e9881f5821af340f4f9
admin/src/crud/media/genreName/GenreNameValidator.tsx:
    timestamp: 1726222428
    hash: fd9b34c24939119bab6341966226ddac
admin/src/crud/media/genreName/GenreNameFilter.tsx:
    timestamp: 1726143768
    hash: abadd7592cb728192408c68712136a29
admin/src/i18n/locales/es/media/vo/fullName.json:
    timestamp: 1726233745
    hash: c5882d18413e9b465e594beb74bc918c
admin/src/i18n/locales/en/media/vo/fullName.json:
    timestamp: 1726233745
    hash: c5882d18413e9b465e594beb74bc918c
admin/src/crud/media/fullName/index.ts:
    timestamp: 1726222428
    hash: a849de027c613965ef6e20c2e3c22f03
admin/src/crud/media/fullName/FullName.tsx:
    timestamp: 1725975850
    hash: 7572a7baac9d55418ccdf1f820bf4381
admin/src/crud/media/fullName/FullNameRenderer.tsx:
    timestamp: 1726340877
    hash: 773980de3f579851457fe350c8c465b5
admin/src/crud/media/fullName/FullNameField.tsx:
    timestamp: 1726345782
    hash: bf4651c87d0db69a9513232684114a71
admin/src/crud/media/fullName/FullNameValidator.tsx:
    timestamp: 1726222428
    hash: ee6df76c08523284764cf0d56d7902e8
admin/src/crud/media/fullName/FullNameFilter.tsx:
    timestamp: 1726146640
    hash: 1dac9b069e0e73e33dccbad584096a94
admin/src/i18n/locales/es/media/vo/overview.json:
    timestamp: 1726233745
    hash: f337a8eed7383f848b3c49cd324c4e15
admin/src/i18n/locales/en/media/vo/overview.json:
    timestamp: 1726233745
    hash: f337a8eed7383f848b3c49cd324c4e15
admin/src/crud/media/overview/index.ts:
    timestamp: 1726222428
    hash: 36815d28feaba8655ae6fa152e224c65
admin/src/crud/media/overview/Overview.tsx:
    timestamp: 1725976060
    hash: 87ac8a7df3d4d65bb70fe39e899eef7b
admin/src/crud/media/overview/OverviewRenderer.tsx:
    timestamp: 1726340332
    hash: 6b526a046489e6fc8239a6710d95265c
admin/src/crud/media/overview/OverviewField.tsx:
    timestamp: 1726345782
    hash: 25a91addf6ed95d488f0f8d03be42d56
admin/src/crud/media/overview/OverviewValidator.tsx:
    timestamp: 1726222428
    hash: 177e85a3cf1c5ddd29022a9bac941339
admin/src/crud/media/overview/OverviewFilter.tsx:
    timestamp: 1726143768
    hash: a7443fe796fdb78ec7d045a3b0413f06
'admin/app/[lang]/(private)/media/movies/page.tsx':
    timestamp: 1725884520
    hash: 533579d6d30669769a912df65a1f3a84
'admin/app/[lang]/(private)/media/movies/edit/[id]/page.tsx':
    timestamp: 1726158466
    hash: 7639e279245625aab8d9a39b2aa2268c
'admin/app/[lang]/(private)/media/movies/create/page.tsx':
    timestamp: 1726161076
    hash: f97aadc9be2a18a71cfef0aa3c0ec1c5
admin/src/i18n/locales/es/media/movies.json:
    timestamp: 1726233577
    hash: c8267f62bd85814df463f865b05d88ff
admin/src/i18n/locales/en/media/movie.json:
    timestamp: 1726147472
    hash: f86740c0ef2e08f5d603c9dd4a670cc7
admin/src/crud/media/movie/index.ts:
    timestamp: 1726339929
    hash: e95f8aa20ec24f55552f38671205e285
admin/src/crud/media/movie/Movie.tsx:
    timestamp: 1725975574
    hash: f3e4726afa516e906fd36adcacb72067
admin/src/crud/media/movie/MovieRenderer.tsx:
    timestamp: 1726136424
    hash: 5b80f84785f0e1371aad76a5b1c9bcdd
admin/src/crud/media/movie/MovieSelect.tsx:
    timestamp: 1726339929
    hash: 29339324007f02eba69e9973b6e10fe5
admin/src/crud/media/movie/MovieField.tsx:
    timestamp: 1726339937
    hash: 97eb918c14dd98efb27136d6a053fb49
admin/src/crud/media/movie/MovieForm.tsx:
    timestamp: 1726345782
    hash: d14593f72b00f9fe239fb40a59508dae
admin/src/crud/media/movie/useMovieForm.tsx:
    timestamp: 1726160149
    hash: 9103559af580f927312af8cbe4dbb7bc
admin/src/crud/media/movie/useMovieModelForm.tsx:
    timestamp: 1726010770
    hash: d09bf6b5484f3b29d1bb8a8c450e2356
admin/src/crud/media/movie/useMovieDrawerForm.tsx:
    timestamp: 1726231895
    hash: 083c730edfac4e83e91d446905fd92b9
admin/src/crud/media/movie/useMovieTable.tsx:
    timestamp: 1726231895
    hash: 278e26514194985de6ec952e0b3354eb
admin/src/i18n/locales/es/media/vo/score.json:
    timestamp: 1726233745
    hash: 3c67627c65cb5448969346d716285643
admin/src/i18n/locales/en/media/vo/score.json:
    timestamp: 1726233745
    hash: 3c67627c65cb5448969346d716285643
admin/src/crud/media/score/index.ts:
    timestamp: 1726222428
    hash: 64b0e17e3dc43184f5f6545502bc0597
admin/src/crud/media/score/Score.tsx:
    timestamp: 1725976060
    hash: 537aeac63b239d74caad856840fc8b8c
admin/src/crud/media/score/ScoreRenderer.tsx:
    timestamp: 1726340332
    hash: e31e4c63eb41f9642379232281101374
admin/src/crud/media/score/ScoreField.tsx:
    timestamp: 1726345782
    hash: 0c3d8b895c04d97864acf3603f55a2d5
admin/src/crud/media/score/ScoreValidator.tsx:
    timestamp: 1726222428
    hash: c63699caf3cbb0fe84355f5dfb0e2d51
admin/src/crud/media/score/ScoreFilter.tsx:
    timestamp: 1726143768
    hash: bc131ec4ed6a628d1e12d3a56913a0d2
admin/src/i18n/locales/es/media/vo/movieTitle.json:
    timestamp: 1726233745
    hash: 16c39f22d7696873d99fd6b43978bf6d
admin/src/i18n/locales/en/media/vo/movieTitle.json:
    timestamp: 1726233745
    hash: 16c39f22d7696873d99fd6b43978bf6d
admin/src/crud/media/movieTitle/index.ts:
    timestamp: 1726222428
    hash: 254ca4ccac3a527c647e99ca44a2d0fa
admin/src/crud/media/movieTitle/MovieTitle.tsx:
    timestamp: 1725976060
    hash: 24b5bba08a211553025562a8f8a18ca2
admin/src/crud/media/movieTitle/MovieTitleRenderer.tsx:
    timestamp: 1726340332
    hash: d3f43c1f07ae17e46bc3ce9c0d3deecf
admin/src/crud/media/movieTitle/MovieTitleField.tsx:
    timestamp: 1726345782
    hash: 9ca3016ae38df0b2fa6b2b88eabf3bd7
admin/src/crud/media/movieTitle/MovieTitleValidator.tsx:
    timestamp: 1726222428
    hash: 42af5f9495f1aef0f997f6a4c5d196ad
admin/src/crud/media/movieTitle/MovieTitleFilter.tsx:
    timestamp: 1726143768
    hash: 345598ef2ec6c3abfa379ddf51728bbc
admin/src/i18n/locales/es/media/vo/releaseYear.json:
    timestamp: 1726233745
    hash: 7312f4506d0d09ed0304fcabc932efe1
admin/src/i18n/locales/en/media/vo/releaseYear.json:
    timestamp: 1726233745
    hash: 7312f4506d0d09ed0304fcabc932efe1
admin/src/crud/media/releaseYear/index.ts:
    timestamp: 1726222428
    hash: 0b92d21929512a04837acdc1f14f27ad
admin/src/crud/media/releaseYear/ReleaseYear.tsx:
    timestamp: 1725976060
    hash: 7c7e8141891baad884cca684642b972a
admin/src/crud/media/releaseYear/ReleaseYearRenderer.tsx:
    timestamp: 1726340332
    hash: 111999519823b026ffc173228a5dc6da
admin/src/crud/media/releaseYear/ReleaseYearField.tsx:
    timestamp: 1726345782
    hash: fc3c6635025d3812223f11e2b7a168e5
admin/src/crud/media/releaseYear/ReleaseYearValidator.tsx:
    timestamp: 1726222428
    hash: c62527aef540d9d3b71b59aee110c252
admin/src/crud/media/releaseYear/ReleaseYearFilter.tsx:
    timestamp: 1726143768
    hash: 4aee0ec935a4f535ff709ba7752fb46e
admin/src/i18n/locales/es/media/reviews.json:
    timestamp: 1726233577
    hash: e0106b1c23df3814ee6ebca19beaeb14
admin/src/i18n/locales/en/media/review.json:
    timestamp: 1726147472
    hash: 1c6a3b7a914b48fe21a2739057fed1d1
admin/src/crud/media/review/index.ts:
    timestamp: 1726339929
    hash: 8b3fde4ee0d9ac8ea1828f15e8bf4d24
admin/src/crud/media/review/Review.tsx:
    timestamp: 1725975574
    hash: 8ba0517ff39c5148e8486c28879e495f
admin/src/crud/media/review/ReviewRenderer.tsx:
    timestamp: 1726136424
    hash: 71dc2eeba0336d47896da0dd5d6af7e8
admin/src/crud/media/review/ReviewSelect.tsx:
    timestamp: 1726339929
    hash: c24fbe6a390e3a18bdcddfef6f575a2b
admin/src/crud/media/review/ReviewField.tsx:
    timestamp: 1726339937
    hash: 3fdac4f2aab37320301d2eb4a16766a5
admin/src/crud/media/review/ReviewForm.tsx:
    timestamp: 1726345782
    hash: 6059d727a5d674eb7f3aecbc7d082532
admin/src/crud/media/review/useReviewForm.tsx:
    timestamp: 1726160149
    hash: e1c83fb37d54afc0743d20cddefc67ae
admin/src/crud/media/review/useReviewModelForm.tsx:
    timestamp: 1726010770
    hash: af503737e469ab8bc8a6cffc74991e19
admin/src/crud/media/review/useReviewDrawerForm.tsx:
    timestamp: 1726231895
    hash: 47fe1543c02ddda7581315d2185c6c27
admin/src/crud/media/review/useReviewTable.tsx:
    timestamp: 1726231895
    hash: 0ee269a169d85cb12296626bacc66248
admin/src/i18n/locales/es/media/vo/reviewContent.json:
    timestamp: 1726233745
    hash: 9286453b0f3c52795ad9e5c5d2d90b13
admin/src/i18n/locales/en/media/vo/reviewContent.json:
    timestamp: 1726233745
    hash: 9286453b0f3c52795ad9e5c5d2d90b13
admin/src/crud/media/reviewContent/index.ts:
    timestamp: 1726222428
    hash: 3783faadf3a7366ac40a0500adf79600
admin/src/crud/media/reviewContent/ReviewContent.tsx:
    timestamp: 1725976060
    hash: 2feb3d4b78020e574ccc1925fe432ac6
admin/src/crud/media/reviewContent/ReviewContentRenderer.tsx:
    timestamp: 1726340332
    hash: c69da660b92db3a52e1b88117c5d9b1d
admin/src/crud/media/reviewContent/ReviewContentField.tsx:
    timestamp: 1726345782
    hash: b1735b17e2738ddac31f16f79e512ecb
admin/src/crud/media/reviewContent/ReviewContentValidator.tsx:
    timestamp: 1726222428
    hash: 5ff7fec14c3d4e6f71de79fd1d1b5623
admin/src/crud/media/reviewContent/ReviewContentFilter.tsx:
    timestamp: 1726143768
    hash: 69c98ea5296063456b4e270d71eeb58c
'admin/app/[lang]/(private)/media/directors/page.tsx':
    timestamp: 1725884520
    hash: 4dff98377d4eb71ff51bc658b89712d2
'admin/app/[lang]/(private)/media/directors/edit/[id]/page.tsx':
    timestamp: 1726158466
    hash: 4b3fd1e1762dac6fd36ed7f0879b729b
'admin/app/[lang]/(private)/media/directors/create/page.tsx':
    timestamp: 1726161076
    hash: 34428e1eadcbf4d889659c0b8ffecc36
admin/src/i18n/locales/es/media/directors.json:
    timestamp: 1726158325
    hash: fab50d57d792ec96df3b264b41dea447
admin/src/i18n/locales/en/media/director.json:
    timestamp: 1726147472
    hash: 16f7eb8625ac78da16bc3ca166fbebe6
admin/src/crud/media/director/index.ts:
    timestamp: 1726339929
    hash: 8219ddc8cc25c72b62eb6e66d616b4be
admin/src/crud/media/director/Director.tsx:
    timestamp: 1726081313
    hash: cccdcced2aa032a4841dc0cb105dd918
admin/src/crud/media/director/DirectorRenderer.tsx:
    timestamp: 1726136661
    hash: 5a0e6d708c29a8bf0217aa08493ca6e6
admin/src/crud/media/director/DirectorSelect.tsx:
    timestamp: 1726339929
    hash: dd96f20e71830e858c28d3789c5e3fa1
admin/src/crud/media/director/DirectorField.tsx:
    timestamp: 1726339937
    hash: 1a6b2d86c93afb7850f2b3da836951bd
admin/src/crud/media/director/DirectorForm.tsx:
    timestamp: 1726345782
    hash: 2b2ad67a88b0cc678a9286077fa07297
admin/src/crud/media/director/useDirectorForm.tsx:
    timestamp: 1726160149
    hash: f8b8a1b77d849b43daeed3cddcd95fc5
admin/src/crud/media/director/useDirectorModelForm.tsx:
    timestamp: 1726010770
    hash: 78a3cd5d86fc2fef340fc0a74d213ae5
admin/src/crud/media/director/useDirectorDrawerForm.tsx:
    timestamp: 1726231895
    hash: a8cdc5ffea7a2bcf07841cba77dec2f3
admin/src/crud/media/director/useDirectorTable.tsx:
    timestamp: 1726231895
    hash: ba4e2c393dabdf978599b77a203c7103
